
Microsoft Visual Studio Solution File, Format Version 12.00
# Visual Studio Version 17
VisualStudioVersion = 17.5.33414.496
MinimumVisualStudioVersion = 10.0.40219.1
Project("{2150E333-8FDC-42A3-9474-1A3956D46DE8}") = "Sources", "Sources", "{D79135F4-CFEB-46BD-9382-D73EBB9766CA}"
EndProject
Project("{9A19103F-16F7-4668-BE54-9A1E7A4F7556}") = "ReservationVols.Api", "ReservationVols.Api\ReservationVols.Api.csproj", "{1C619E59-3AEE-4240-9146-F539A93DA452}"
EndProject
Project("{9A19103F-16F7-4668-BE54-9A1E7A4F7556}") = "ReservationVols.Domain", "ReservationVols.Domain\ReservationVols.Domain.csproj", "{7DE88D66-E166-4F1C-9E91-3C3C777A1AE5}"
EndProject
Project("{9A19103F-16F7-4668-BE54-9A1E7A4F7556}") = "ReservationVols.Infrastructure", "ReservationVols.Infrastructure\ReservationVols.Infrastructure.csproj", "{403C8A32-4722-4981-BD29-BE13A7DC9360}"
EndProject
Global
	GlobalSection(SolutionConfigurationPlatforms) = preSolution
		Debug|Any CPU = Debug|Any CPU
		Release|Any CPU = Release|Any CPU
	EndGlobalSection
	GlobalSection(ProjectConfigurationPlatforms) = postSolution
		{1C619E59-3AEE-4240-9146-F539A93DA452}.Debug|Any CPU.ActiveCfg = Debug|Any CPU
		{1C619E59-3AEE-4240-9146-F539A93DA452}.Debug|Any CPU.Build.0 = Debug|Any CPU
		{1C619E59-3AEE-4240-9146-F539A93DA452}.Release|Any CPU.ActiveCfg = Release|Any CPU
		{1C619E59-3AEE-4240-9146-F539A93DA452}.Release|Any CPU.Build.0 = Release|Any CPU
		{7DE88D66-E166-4F1C-9E91-3C3C777A1AE5}.Debug|Any CPU.ActiveCfg = Debug|Any CPU
		{7DE88D66-E166-4F1C-9E91-3C3C777A1AE5}.Debug|Any CPU.Build.0 = Debug|Any CPU
		{7DE88D66-E166-4F1C-9E91-3C3C777A1AE5}.Release|Any CPU.ActiveCfg = Release|Any CPU
		{7DE88D66-E166-4F1C-9E91-3C3C777A1AE5}.Release|Any CPU.Build.0 = Release|Any CPU
		{403C8A32-4722-4981-BD29-BE13A7DC9360}.Debug|Any CPU.ActiveCfg = Debug|Any CPU
		{403C8A32-4722-4981-BD29-BE13A7DC9360}.Debug|Any CPU.Build.0 = Debug|Any CPU
		{403C8A32-4722-4981-BD29-BE13A7DC9360}.Release|Any CPU.ActiveCfg = Release|Any CPU
		{403C8A32-4722-4981-BD29-BE13A7DC9360}.Release|Any CPU.Build.0 = Release|Any CPU
	EndGlobalSection
	GlobalSection(SolutionProperties) = preSolution
		HideSolutionNode = FALSE
	EndGlobalSection
	GlobalSection(NestedProjects) = preSolution
		{1C619E59-3AEE-4240-9146-F539A93DA452} = {D79135F4-CFEB-46BD-9382-D73EBB9766CA}
		{7DE88D66-E166-4F1C-9E91-3C3C777A1AE5} = {D79135F4-CFEB-46BD-9382-D73EBB9766CA}
		{403C8A32-4722-4981-BD29-BE13A7DC9360} = {D79135F4-CFEB-46BD-9382-D73EBB9766CA}
	EndGlobalSection
	GlobalSection(ExtensibilityGlobals) = postSolution
		SolutionGuid = {6D67ED9C-87D7-4E0D-A135-7598B6247285}
	EndGlobalSection
EndGlobal
